hash: 1e92510104b35af9ac6e6760946b5f89e4e50d9128a77290e381a3efd413537a
updated: 2018-01-13T21:05:20.718716212+05:30
imports:
- name: github.com/codegangsta/negroni
  version: 5dbbc83f748fc3ad38585842b0aedab546d0ea1e
- name: github.com/gorilla/context
  version: 1ea25387ff6f684839d82767c1733ff4d4d15d0a
- name: github.com/gorilla/mux
  version: 7f08801859139f86dfafd1c296e2cba9a80d292e
- name: github.com/olivere/elastic
  version: 7a065d53ac847c9aba9385e84fa24ef4647a6ae2
  subpackages:
  - config
  - uritemplates
- name: github.com/pkg/errors
  version: 645ef00459ed84a119197bfb8d8205042c6df63d
testImports: []
