hash: 315702669454bb68b3c6ef9b14f5c3c3d88cfdb1c7b507b5434fecc71e5aa1c4
updated: 2017-12-27T08:29:40.926773389+05:30
imports:
- name: github.com/gorilla/context
  version: 1ea25387ff6f684839d82767c1733ff4d4d15d0a
- name: github.com/gorilla/mux
  version: 7f08801859139f86dfafd1c296e2cba9a80d292e
- name: github.com/olivere/elastic
  version: 7a065d53ac847c9aba9385e84fa24ef4647a6ae2
  subpackages:
  - config
  - uritemplates
- name: github.com/pkg/errors
  version: 645ef00459ed84a119197bfb8d8205042c6df63d
testImports: []
